hash: e3d8db781f6468955c8ca98111a932763a508a1a5ea519683e5c1d787fb66876
updated: 2016-07-22T12:40:20.625778505-05:00
imports:
- name: github.com/daviddengcn/go-colortext
  version: 511bcaf42ccd42c38aba7427b6673277bf19e2a1
- name: github.com/jasonlvhit/gocron
  version: 42a5804d37aa0b9239b265e894a16b8edbf52d54
- name: github.com/mattn/go-runewidth
  version: d6bea18f789704b5f83375793155289da36a3c7f
- name: github.com/olekukonko/tablewriter
  version: daf2955e742cf123959884fdff4685aa79b63135
- name: github.com/urfave/cli
  version: 1efa31f08b9333f1bd4882d61f9d668a70cd902e
testImports: []
