hash: d9726e569358d666d8815c052e43785750b883e59a3f01357548a51e5a76312f
updated: 2016-07-06T16:35:18.353459583-05:00
imports:
- name: github.com/jasonlvhit/gocron
  version: 42a5804d37aa0b9239b265e894a16b8edbf52d54
- name: gopkg.in/urfave/cli.v1
  version: 1efa31f08b9333f1bd4882d61f9d668a70cd902e
testImports: []
